
Microsoft Visual Studio Solution File, Format Version 12.00
# Visual Studio Version 16
VisualStudioVersion = 16.0.30011.22
MinimumVisualStudioVersion = 10.0.40219.1
Project("{8BC9CEB8-8B4A-11D0-8D11-00A0C91BC942}") = "quiz_design_pattern__abstract_factory__factory_method", "quiz_design_pattern__abstract_factory__factory_method\quiz_design_pattern__abstract_factory__factory_method.vcxproj", "{FC319187-7A48-423F-BFEE-21C2BF89A232}"
EndProject
Global
	GlobalSection(SolutionConfigurationPlatforms) = preSolution
		Debug|x64 = Debug|x64
		Debug|x86 = Debug|x86
		Release|x64 = Release|x64
		Release|x86 = Release|x86
	EndGlobalSection
	GlobalSection(ProjectConfigurationPlatforms) = postSolution
		{FC319187-7A48-423F-BFEE-21C2BF89A232}.Debug|x64.ActiveCfg = Debug|x64
		{FC319187-7A48-423F-BFEE-21C2BF89A232}.Debug|x64.Build.0 = Debug|x64
		{FC319187-7A48-423F-BFEE-21C2BF89A232}.Debug|x86.ActiveCfg = Debug|Win32
		{FC319187-7A48-423F-BFEE-21C2BF89A232}.Debug|x86.Build.0 = Debug|Win32
		{FC319187-7A48-423F-BFEE-21C2BF89A232}.Release|x64.ActiveCfg = Release|x64
		{FC319187-7A48-423F-BFEE-21C2BF89A232}.Release|x64.Build.0 = Release|x64
		{FC319187-7A48-423F-BFEE-21C2BF89A232}.Release|x86.ActiveCfg = Release|Win32
		{FC319187-7A48-423F-BFEE-21C2BF89A232}.Release|x86.Build.0 = Release|Win32
	EndGlobalSection
	GlobalSection(SolutionProperties) = preSolution
		HideSolutionNode = FALSE
	EndGlobalSection
	GlobalSection(ExtensibilityGlobals) = postSolution
		SolutionGuid = {28ABE435-27CB-4C52-8977-99630158B331}
	EndGlobalSection
EndGlobal
